// !$*UTF8*$!
{
	archiveVersion = 1;
	classes = {
	};
	objectVersion = 50;
	objects = {

/* Begin PBXBuildFile section */
		1706B2DA25DD8AF500C2DDDD /* AppDelegate.swift in Sources */ = {isa = PBXBuildFile; fileRef = 1706B2D925DD8AF500C2DDDD /* AppDelegate.swift */; };
		1706B2DC25DD8AF500C2DDDD /* SceneDelegate.swift in Sources */ = {isa = PBXBuildFile; fileRef = 1706B2DB25DD8AF500C2DDDD /* SceneDelegate.swift */; };
		1706B2DE25DD8AF500C2DDDD /* DetailsViewController.swift in Sources */ = {isa = PBXBuildFile; fileRef = 1706B2DD25DD8AF500C2DDDD /* DetailsViewController.swift */; };
		1706B2E125DD8AF500C2DDDD /* Main.storyboard in Resources */ = {isa = PBXBuildFile; fileRef = 1706B2DF25DD8AF500C2DDDD /* Main.storyboard */; };
		1706B2E325DD8AF700C2DDDD /* Assets.xcassets in Resources */ = {isa = PBXBuildFile; fileRef = 1706B2E225DD8AF700C2DDDD /* Assets.xcassets */; };
		1706B2E625DD8AF700C2DDDD /* LaunchScreen.storyboard in Resources */ = {isa = PBXBuildFile; fileRef = 1706B2E425DD8AF700C2DDDD /* LaunchScreen.storyboard */; };
		1706B2F125DD8AF700C2DDDD /* MovieGalleryTests.swift in Sources */ = {isa = PBXBuildFile; fileRef = 1706B2F025DD8AF700C2DDDD /* MovieGalleryTests.swift */; };
		1706B2FC25DD8AF700C2DDDD /* MovieGalleryUITests.swift in Sources */ = {isa = PBXBuildFile; fileRef = 1706B2FB25DD8AF700C2DDDD /* MovieGalleryUITests.swift */; };
		1706B30D25DD8D4C00C2DDDD /* StaticStrings.swift in Sources */ = {isa = PBXBuildFile; fileRef = 1706B30C25DD8D4C00C2DDDD /* StaticStrings.swift */; };
		1706B31525DD8DA000C2DDDD /* APICall.swift in Sources */ = {isa = PBXBuildFile; fileRef = 1706B31425DD8DA000C2DDDD /* APICall.swift */; };
		1706B31A25DD8EBF00C2DDDD /* Model.swift in Sources */ = {isa = PBXBuildFile; fileRef = 1706B31925DD8EBF00C2DDDD /* Model.swift */; };
		1706B32325DD914300C2DDDD /* TableViewCell.swift in Sources */ = {isa = PBXBuildFile; fileRef = 1706B32125DD914300C2DDDD /* TableViewCell.swift */; };
		1706B32925DD915800C2DDDD /* TableViewController.swift in Sources */ = {isa = PBXBuildFile; fileRef = 1706B32825DD915800C2DDDD /* TableViewController.swift */; };
		1706B32E25DD969D00C2DDDD /* TableViewModel.swift in Sources */ = {isa = PBXBuildFile; fileRef = 1706B32D25DD969D00C2DDDD /* TableViewModel.swift */; };
/* End PBXBuildFile section */

/* Begin PBXContainerItemProxy section */
		1706B2ED25DD8AF700C2DDDD /* PBXContainerItemProxy */ = {
			isa = PBXContainerItemProxy;
			containerPortal = 1706B2CE25DD8AF500C2DDDD /* Project object */;
			proxyType = 1;
			remoteGlobalIDString = 1706B2D525DD8AF500C2DDDD;
			remoteInfo = MovieGallery;
		};
		1706B2F825DD8AF700C2DDDD /* PBXContainerItemProxy */ = {
			isa = PBXContainerItemProxy;
			containerPortal = 1706B2CE25DD8AF500C2DDDD /* Project object */;
			proxyType = 1;
			remoteGlobalIDString = 1706B2D525DD8AF500C2DDDD;
			remoteInfo = MovieGallery;
		};
/* End PBXContainerItemProxy section */

/* Begin PBXFileReference section */
		1706B2D625DD8AF500C2DDDD /* MovieGallery.app */ = {isa = PBXFileReference; explicitFileType = wrapper.application; includeInIndex = 0; path = MovieGallery.app; sourceTree = BUILT_PRODUCTS_DIR; };
		1706B2D925DD8AF500C2DDDD /* AppDelegate.swift */ = {isa = PBXFileReference; lastKnownFileType = sourcecode.swift; path = AppDelegate.swift; sourceTree = "<group>"; };
		1706B2DB25DD8AF500C2DDDD /* SceneDelegate.swift */ = {isa = PBXFileReference; lastKnownFileType = sourcecode.swift; path = SceneDelegate.swift; sourceTree = "<group>"; };
		1706B2DD25DD8AF500C2DDDD /* DetailsViewController.swift */ = {isa = PBXFileReference; lastKnownFileType = sourcecode.swift; path = DetailsViewController.swift; sourceTree = "<group>"; };
		1706B2E025DD8AF500C2DDDD /* Base */ = {isa = PBXFileReference; lastKnownFileType = file.storyboard; name = Base; path = Base.lproj/Main.storyboard; sourceTree = "<group>"; };
		1706B2E225DD8AF700C2DDDD /* Assets.xcassets */ = {isa = PBXFileReference; lastKnownFileType = folder.assetcatalog; path = Assets.xcassets; sourceTree = "<group>"; };
		1706B2E525DD8AF700C2DDDD /* Base */ = {isa = PBXFileReference; lastKnownFileType = file.storyboard; name = Base; path = Base.lproj/LaunchScreen.storyboard; sourceTree = "<group>"; };
		1706B2E725DD8AF700C2DDDD /* Info.plist */ = {isa = PBXFileReference; lastKnownFileType = text.plist.xml; path = Info.plist; sourceTree = "<group>"; };
		1706B2EC25DD8AF700C2DDDD /* MovieGalleryTests.xctest */ = {isa = PBXFileReference; explicitFileType = wrapper.cfbundle; includeInIndex = 0; path = MovieGalleryTests.xctest; sourceTree = BUILT_PRODUCTS_DIR; };
		1706B2F025DD8AF700C2DDDD /* MovieGalleryTests.swift */ = {isa = PBXFileReference; lastKnownFileType = sourcecode.swift; path = MovieGalleryTests.swift; sourceTree = "<group>"; };
		1706B2F225DD8AF700C2DDDD /* Info.plist */ = {isa = PBXFileReference; lastKnownFileType = text.plist.xml; path = Info.plist; sourceTree = "<group>"; };
		1706B2F725DD8AF700C2DDDD /* MovieGalleryUITests.xctest */ = {isa = PBXFileReference; explicitFileType = wrapper.cfbundle; includeInIndex = 0; path = MovieGalleryUITests.xctest; sourceTree = BUILT_PRODUCTS_DIR; };
		1706B2FB25DD8AF700C2DDDD /* MovieGalleryUITests.swift */ = {isa = PBXFileReference; lastKnownFileType = sourcecode.swift; path = MovieGalleryUITests.swift; sourceTree = "<group>"; };
		1706B2FD25DD8AF700C2DDDD /* Info.plist */ = {isa = PBXFileReference; lastKnownFileType = text.plist.xml; path = Info.plist; sourceTree = "<group>"; };
		1706B30C25DD8D4C00C2DDDD /* StaticStrings.swift */ = {isa = PBXFileReference; lastKnownFileType = sourcecode.swift; path = StaticStrings.swift; sourceTree = "<group>"; };
		1706B31425DD8DA000C2DDDD /* APICall.swift */ = {isa = PBXFileReference; lastKnownFileType = sourcecode.swift; path = APICall.swift; sourceTree = "<group>"; };
		1706B31925DD8EBF00C2DDDD /* Model.swift */ = {isa = PBXFileReference; lastKnownFileType = sourcecode.swift; path = Model.swift; sourceTree = "<group>"; };
		1706B32125DD914300C2DDDD /* TableViewCell.swift */ = {isa = PBXFileReference; lastKnownFileType = sourcecode.swift; path = TableViewCell.swift; sourceTree = "<group>"; };
		1706B32825DD915800C2DDDD /* TableViewController.swift */ = {isa = PBXFileReference; lastKnownFileType = sourcecode.swift; path = TableViewController.swift; sourceTree = "<group>"; };
		1706B32D25DD969D00C2DDDD /* TableViewModel.swift */ = {isa = PBXFileReference; lastKnownFileType = sourcecode.swift; path = TableViewModel.swift; sourceTree = "<group>"; };
/* End PBXFileReference section */

/* Begin PBXFrameworksBuildPhase section */
		1706B2D325DD8AF500C2DDDD /* Frameworks */ = {
			isa = PBXFrameworksBuildPhase;
			buildActionMask = 2147483647;
			files = (
			);
			runOnlyForDeploymentPostprocessing = 0;
		};
		1706B2E925DD8AF700C2DDDD /* Frameworks */ = {
			isa = PBXFrameworksBuildPhase;
			buildActionMask = 2147483647;
			files = (
			);
			runOnlyForDeploymentPostprocessing = 0;
		};
		1706B2F425DD8AF700C2DDDD /* Frameworks */ = {
			isa = PBXFrameworksBuildPhase;
			buildActionMask = 2147483647;
			files = (
			);
			runOnlyForDeploymentPostprocessing = 0;
		};
/* End PBXFrameworksBuildPhase section */

/* Begin PBXGroup section */
		1706B2CD25DD8AF500C2DDDD = {
			isa = PBXGroup;
			children = (
				1706B2D825DD8AF500C2DDDD /* MovieGallery */,
				1706B2EF25DD8AF700C2DDDD /* MovieGalleryTests */,
				1706B2FA25DD8AF700C2DDDD /* MovieGalleryUITests */,
				1706B2D725DD8AF500C2DDDD /* Products */,
			);
			sourceTree = "<group>";
		};
		1706B2D725DD8AF500C2DDDD /* Products */ = {
			isa = PBXGroup;
			children = (
				1706B2D625DD8AF500C2DDDD /* MovieGallery.app */,
				1706B2EC25DD8AF700C2DDDD /* MovieGalleryTests.xctest */,
				1706B2F725DD8AF700C2DDDD /* MovieGalleryUITests.xctest */,
			);
			name = Products;
			sourceTree = "<group>";
		};
		1706B2D825DD8AF500C2DDDD /* MovieGallery */ = {
			isa = PBXGroup;
			children = (
				1706B2D925DD8AF500C2DDDD /* AppDelegate.swift */,
				1706B2DB25DD8AF500C2DDDD /* SceneDelegate.swift */,
				1706B2DD25DD8AF500C2DDDD /* DetailsViewController.swift */,
				1706B30C25DD8D4C00C2DDDD /* StaticStrings.swift */,
				1706B31425DD8DA000C2DDDD /* APICall.swift */,
				1706B31925DD8EBF00C2DDDD /* Model.swift */,
				1706B2DF25DD8AF500C2DDDD /* Main.storyboard */,
				1706B32825DD915800C2DDDD /* TableViewController.swift */,
				1706B32125DD914300C2DDDD /* TableViewCell.swift */,
				1706B32D25DD969D00C2DDDD /* TableViewModel.swift */,
				1706B2E225DD8AF700C2DDDD /* Assets.xcassets */,
				1706B2E425DD8AF700C2DDDD /* LaunchScreen.storyboard */,
				1706B2E725DD8AF700C2DDDD /* Info.plist */,
			);
			path = MovieGallery;
			sourceTree = "<group>";
		};
		1706B2EF25DD8AF700C2DDDD /* MovieGalleryTests */ = {
			isa = PBXGroup;
			children = (
				1706B2F025DD8AF700C2DDDD /* MovieGalleryTests.swift */,
				1706B2F225DD8AF700C2DDDD /* Info.plist */,
			);
			path = MovieGalleryTests;
			sourceTree = "<group>";
		};
		1706B2FA25DD8AF700C2DDDD /* MovieGalleryUITests */ = {
			isa = PBXGroup;
			children = (
				1706B2FB25DD8AF700C2DDDD /* MovieGalleryUITests.swift */,
				1706B2FD25DD8AF700C2DDDD /* Info.plist */,
			);
			path = MovieGalleryUITests;
			sourceTree = "<group>";
		};
/* End PBXGroup section */

/* Begin PBXNativeTarget section */
		1706B2D525DD8AF500C2DDDD /* MovieGallery */ = {
			isa = PBXNativeTarget;
			buildConfigurationList = 1706B30025DD8AF700C2DDDD /* Build configuration list for PBXNativeTarget "MovieGallery" */;
			buildPhases = (
				1706B2D225DD8AF500C2DDDD /* Sources */,
				1706B2D325DD8AF500C2DDDD /* Frameworks */,
				1706B2D425DD8AF500C2DDDD /* Resources */,
			);
			buildRules = (
			);
			dependencies = (
			);
			name = MovieGallery;
			productName = MovieGallery;
			productReference = 1706B2D625DD8AF500C2DDDD /* MovieGallery.app */;
			productType = "com.apple.product-type.application";
		};
		1706B2EB25DD8AF700C2DDDD /* MovieGalleryTests */ = {
			isa = PBXNativeTarget;
			buildConfigurationList = 1706B30325DD8AF700C2DDDD /* Build configuration list for PBXNativeTarget "MovieGalleryTests" */;
			buildPhases = (
				1706B2E825DD8AF700C2DDDD /* Sources */,
				1706B2E925DD8AF700C2DDDD /* Frameworks */,
				1706B2EA25DD8AF700C2DDDD /* Resources */,
			);
			buildRules = (
			);
			dependencies = (
				1706B2EE25DD8AF700C2DDDD /* PBXTargetDependency */,
			);
			name = MovieGalleryTests;
			productName = MovieGalleryTests;
			productReference = 1706B2EC25DD8AF700C2DDDD /* MovieGalleryTests.xctest */;
			productType = "com.apple.product-type.bundle.unit-test";
		};
		1706B2F625DD8AF700C2DDDD /* MovieGalleryUITests */ = {
			isa = PBXNativeTarget;
			buildConfigurationList = 1706B30625DD8AF700C2DDDD /* Build configuration list for PBXNativeTarget "MovieGalleryUITests" */;
			buildPhases = (
				1706B2F325DD8AF700C2DDDD /* Sources */,
				1706B2F425DD8AF700C2DDDD /* Frameworks */,
				1706B2F525DD8AF700C2DDDD /* Resources */,
			);
			buildRules = (
			);
			dependencies = (
				1706B2F925DD8AF700C2DDDD /* PBXTargetDependency */,
			);
			name = MovieGalleryUITests;
			productName = MovieGalleryUITests;
			productReference = 1706B2F725DD8AF700C2DDDD /* MovieGalleryUITests.xctest */;
			productType = "com.apple.product-type.bundle.ui-testing";
		};
/* End PBXNativeTarget section */

/* Begin PBXProject section */
		1706B2CE25DD8AF500C2DDDD /* Project object */ = {
			isa = PBXProject;
			attributes = {
				LastSwiftUpdateCheck = 1240;
				LastUpgradeCheck = 1240;
				TargetAttributes = {
					1706B2D525DD8AF500C2DDDD = {
						CreatedOnToolsVersion = 12.4;
					};
					1706B2EB25DD8AF700C2DDDD = {
						CreatedOnToolsVersion = 12.4;
						TestTargetID = 1706B2D525DD8AF500C2DDDD;
					};
					1706B2F625DD8AF700C2DDDD = {
						CreatedOnToolsVersion = 12.4;
						TestTargetID = 1706B2D525DD8AF500C2DDDD;
					};
				};
			};
			buildConfigurationList = 1706B2D125DD8AF500C2DDDD /* Build configuration list for PBXProject "MovieGallery" */;
			compatibilityVersion = "Xcode 9.3";
			developmentRegion = en;
			hasScannedForEncodings = 0;
			knownRegions = (
				en,
				Base,
			);
			mainGroup = 1706B2CD25DD8AF500C2DDDD;
			productRefGroup = 1706B2D725DD8AF500C2DDDD /* Products */;
			projectDirPath = "";
			projectRoot = "";
			targets = (
				1706B2D525DD8AF500C2DDDD /* MovieGallery */,
				1706B2EB25DD8AF700C2DDDD /* MovieGalleryTests */,
				1706B2F625DD8AF700C2DDDD /* MovieGalleryUITests */,
			);
		};
/* End PBXProject section */

/* Begin PBXResourcesBuildPhase section */
		1706B2D425DD8AF500C2DDDD /* Resources */ = {
			isa = PBXResourcesBuildPhase;
			buildActionMask = 2147483647;
			files = (
				1706B2E625DD8AF700C2DDDD /* LaunchScreen.storyboard in Resources */,
				1706B2E325DD8AF700C2DDDD /* Assets.xcassets in Resources */,
				1706B2E125DD8AF500C2DDDD /* Main.storyboard in Resources */,
			);
			runOnlyForDeploymentPostprocessing = 0;
		};
		1706B2EA25DD8AF700C2DDDD /* Resources */ = {
			isa = PBXResourcesBuildPhase;
			buildActionMask = 2147483647;
			files = (
			);
			runOnlyForDeploymentPostprocessing = 0;
		};
		1706B2F525DD8AF700C2DDDD /* Resources */ = {
			isa = PBXResourcesBuildPhase;
			buildActionMask = 2147483647;
			files = (
			);
			runOnlyForDeploymentPostprocessing = 0;
		};
/* End PBXResourcesBuildPhase section */

/* Begin PBXSourcesBuildPhase section */
		1706B2D225DD8AF500C2DDDD /* Sources */ = {
			isa = PBXSourcesBuildPhase;
			buildActionMask = 2147483647;
			files = (
				1706B30D25DD8D4C00C2DDDD /* StaticStrings.swift in Sources */,
				1706B2DE25DD8AF500C2DDDD /* DetailsViewController.swift in Sources */,
				1706B31525DD8DA000C2DDDD /* APICall.swift in Sources */,
				1706B32925DD915800C2DDDD /* TableViewController.swift in Sources */,
				1706B31A25DD8EBF00C2DDDD /* Model.swift in Sources */,
				1706B2DA25DD8AF500C2DDDD /* AppDelegate.swift in Sources */,
				1706B32E25DD969D00C2DDDD /* TableViewModel.swift in Sources */,
				1706B32325DD914300C2DDDD /* TableViewCell.swift in Sources */,
				1706B2DC25DD8AF500C2DDDD /* SceneDelegate.swift in Sources */,
			);
			runOnlyForDeploymentPostprocessing = 0;
		};
		1706B2E825DD8AF700C2DDDD /* Sources */ = {
			isa = PBXSourcesBuildPhase;
			buildActionMask = 2147483647;
			files = (
				1706B2F125DD8AF700C2DDDD /* MovieGalleryTests.swift in Sources */,
			);
			runOnlyForDeploymentPostprocessing = 0;
		};
		1706B2F325DD8AF700C2DDDD /* Sources */ = {
			isa = PBXSourcesBuildPhase;
			buildActionMask = 2147483647;
			files = (
				1706B2FC25DD8AF700C2DDDD /* MovieGalleryUITests.swift in Sources */,
			);
			runOnlyForDeploymentPostprocessing = 0;
		};
/* End PBXSourcesBuildPhase section */

/* Begin PBXTargetDependency section */
		1706B2EE25DD8AF700C2DDDD /* PBXTargetDependency */ = {
			isa = PBXTargetDependency;
			target = 1706B2D525DD8AF500C2DDDD /* MovieGallery */;
			targetProxy = 1706B2ED25DD8AF700C2DDDD /* PBXContainerItemProxy */;
		};
		1706B2F925DD8AF700C2DDDD /* PBXTargetDependency */ = {
			isa = PBXTargetDependency;
			target = 1706B2D525DD8AF500C2DDDD /* MovieGallery */;
			targetProxy = 1706B2F825DD8AF700C2DDDD /* PBXContainerItemProxy */;
		};
/* End PBXTargetDependency section */

/* Begin PBXVariantGroup section */
		1706B2DF25DD8AF500C2DDDD /* Main.storyboard */ = {
			isa = PBXVariantGroup;
			children = (
				1706B2E025DD8AF500C2DDDD /* Base */,
			);
			name = Main.storyboard;
			sourceTree = "<group>";
		};
		1706B2E425DD8AF700C2DDDD /* LaunchScreen.storyboard */ = {
			isa = PBXVariantGroup;
			children = (
				1706B2E525DD8AF700C2DDDD /* Base */,
			);
			name = LaunchScreen.storyboard;
			sourceTree = "<group>";
		};
/* End PBXVariantGroup section */

/* Begin XCBuildConfiguration section */
		1706B2FE25DD8AF700C2DDDD /* Debug */ = {
			isa = XCBuildConfiguration;
			buildSettings = {
				ALWAYS_SEARCH_USER_PATHS = NO;
				CLANG_ANALYZER_NONNULL = YES;
				CLANG_ANALYZER_NUMBER_OBJECT_CONVERSION = YES_AGGRESSIVE;
				CLANG_CXX_LANGUAGE_STANDARD = "gnu++14";
				CLANG_CXX_LIBRARY = "libc++";
				CLANG_ENABLE_MODULES = YES;
				CLANG_ENABLE_OBJC_ARC = YES;
				CLANG_ENABLE_OBJC_WEAK = YES;
				CLANG_WARN_BLOCK_CAPTURE_AUTORELEASING = YES;
				CLANG_WARN_BOOL_CONVERSION = YES;
				CLANG_WARN_COMMA = YES;
				CLANG_WARN_CONSTANT_CONVERSION = YES;
				CLANG_WARN_DEPRECATED_OBJC_IMPLEMENTATIONS = YES;
				CLANG_WARN_DIRECT_OBJC_ISA_USAGE = YES_ERROR;
				CLANG_WARN_DOCUMENTATION_COMMENTS = YES;
				CLANG_WARN_EMPTY_BODY = YES;
				CLANG_WARN_ENUM_CONVERSION = YES;
				CLANG_WARN_INFINITE_RECURSION = YES;
				CLANG_WARN_INT_CONVERSION = YES;
				CLANG_WARN_NON_LITERAL_NULL_CONVERSION = YES;
				CLANG_WARN_OBJC_IMPLICIT_RETAIN_SELF = YES;
				CLANG_WARN_OBJC_LITERAL_CONVERSION = YES;
				CLANG_WARN_OBJC_ROOT_CLASS = YES_ERROR;
				CLANG_WARN_QUOTED_INCLUDE_IN_FRAMEWORK_HEADER = YES;
				CLANG_WARN_RANGE_LOOP_ANALYSIS = YES;
				CLANG_WARN_STRICT_PROTOTYPES = YES;
				CLANG_WARN_SUSPICIOUS_MOVE = YES;
				CLANG_WARN_UNGUARDED_AVAILABILITY = YES_AGGRESSIVE;
				CLANG_WARN_UNREACHABLE_CODE = YES;
				CLANG_WARN__DUPLICATE_METHOD_MATCH = YES;
				COPY_PHASE_STRIP = NO;
				DEBUG_INFORMATION_FORMAT = dwarf;
				ENABLE_STRICT_OBJC_MSGSEND = YES;
				ENABLE_TESTABILITY = YES;
				GCC_C_LANGUAGE_STANDARD = gnu11;
				GCC_DYNAMIC_NO_PIC = NO;
				GCC_NO_COMMON_BLOCKS = YES;
				GCC_OPTIMIZATION_LEVEL = 0;
				GCC_PREPROCESSOR_DEFINITIONS = (
					"DEBUG=1",
					"$(inherited)",
				);
				GCC_WARN_64_TO_32_BIT_CONVERSION = YES;
				GCC_WARN_ABOUT_RETURN_TYPE = YES_ERROR;
				GCC_WARN_UNDECLARED_SELECTOR = YES;
				GCC_WARN_UNINITIALIZED_AUTOS = YES_AGGRESSIVE;
				GCC_WARN_UNUSED_FUNCTION = YES;
				GCC_WARN_UNUSED_VARIABLE = YES;
				IPHONEOS_DEPLOYMENT_TARGET = 14.4;
				MTL_ENABLE_DEBUG_INFO = INCLUDE_SOURCE;
				MTL_FAST_MATH = YES;
				ONLY_ACTIVE_ARCH = YES;
				SDKROOT = iphoneos;
				SWIFT_ACTIVE_COMPILATION_CONDITIONS = DEBUG;
				SWIFT_OPTIMIZATION_LEVEL = "-Onone";
			};
			name = Debug;
		};
		1706B2FF25DD8AF700C2DDDD /* Release */ = {
			isa = XCBuildConfiguration;
			buildSettings = {
				ALWAYS_SEARCH_USER_PATHS = NO;
				CLANG_ANALYZER_NONNULL = YES;
				CLANG_ANALYZER_NUMBER_OBJECT_CONVERSION = YES_AGGRESSIVE;
				CLANG_CXX_LANGUAGE_STANDARD = "gnu++14";
				CLANG_CXX_LIBRARY = "libc++";
				CLANG_ENABLE_MODULES = YES;
				CLANG_ENABLE_OBJC_ARC = YES;
				CLANG_ENABLE_OBJC_WEAK = YES;
				CLANG_WARN_BLOCK_CAPTURE_AUTORELEASING = YES;
				CLANG_WARN_BOOL_CONVERSION = YES;
				CLANG_WARN_COMMA = YES;
				CLANG_WARN_CONSTANT_CONVERSION = YES;
				CLANG_WARN_DEPRECATED_OBJC_IMPLEMENTATIONS = YES;
				CLANG_WARN_DIRECT_OBJC_ISA_USAGE = YES_ERROR;
				CLANG_WARN_DOCUMENTATION_COMMENTS = YES;
				CLANG_WARN_EMPTY_BODY = YES;
				CLANG_WARN_ENUM_CONVERSION = YES;
				CLANG_WARN_INFINITE_RECURSION = YES;
				CLANG_WARN_INT_CONVERSION = YES;
				CLANG_WARN_NON_LITERAL_NULL_CONVERSION = YES;
				CLANG_WARN_OBJC_IMPLICIT_RETAIN_SELF = YES;
				CLANG_WARN_OBJC_LITERAL_CONVERSION = YES;
				CLANG_WARN_OBJC_ROOT_CLASS = YES_ERROR;
				CLANG_WARN_QUOTED_INCLUDE_IN_FRAMEWORK_HEADER = YES;
				CLANG_WARN_RANGE_LOOP_ANALYSIS = YES;
				CLANG_WARN_STRICT_PROTOTYPES = YES;
				CLANG_WARN_SUSPICIOUS_MOVE = YES;
				CLANG_WARN_UNGUARDED_AVAILABILITY = YES_AGGRESSIVE;
				CLANG_WARN_UNREACHABLE_CODE = YES;
				CLANG_WARN__DUPLICATE_METHOD_MATCH = YES;
				COPY_PHASE_STRIP = NO;
				DEBUG_INFORMATION_FORMAT = "dwarf-with-dsym";
				ENABLE_NS_ASSERTIONS = NO;
				ENABLE_STRICT_OBJC_MSGSEND = YES;
				GCC_C_LANGUAGE_STANDARD = gnu11;
				GCC_NO_COMMON_BLOCKS = YES;
				GCC_WARN_64_TO_32_BIT_CONVERSION = YES;
				GCC_WARN_ABOUT_RETURN_TYPE = YES_ERROR;
				GCC_WARN_UNDECLARED_SELECTOR = YES;
				GCC_WARN_UNINITIALIZED_AUTOS = YES_AGGRESSIVE;
				GCC_WARN_UNUSED_FUNCTION = YES;
				GCC_WARN_UNUSED_VARIABLE = YES;
				IPHONEOS_DEPLOYMENT_TARGET = 14.4;
				MTL_ENABLE_DEBUG_INFO = NO;
				MTL_FAST_MATH = YES;
				SDKROOT = iphoneos;
				SWIFT_COMPILATION_MODE = wholemodule;
				SWIFT_OPTIMIZATION_LEVEL = "-O";
				VALIDATE_PRODUCT = YES;
			};
			name = Release;
		};
		1706B30125DD8AF700C2DDDD /* Debug */ = {
			isa = XCBuildConfiguration;
			buildSettings = {
				ASSETCATALOG_COMPILER_APPICON_NAME = AppIcon;
				ASSETCATALOG_COMPILER_GLOBAL_ACCENT_COLOR_NAME = AccentColor;
				CODE_SIGN_STYLE = Automatic;
				DEVELOPMENT_TEAM = TTQKV8DY33;
				INFOPLIST_FILE = MovieGallery/Info.plist;
				LD_RUNPATH_SEARCH_PATHS = (
					"$(inherited)",
					"@executable_path/Frameworks",
				);
				PRODUCT_BUNDLE_IDENTIFIER = rudra.testing.MovieGallery;
				PRODUCT_NAME = "$(TARGET_NAME)";
				SWIFT_VERSION = 5.0;
				TARGETED_DEVICE_FAMILY = 1;
			};
			name = Debug;
		};
		1706B30225DD8AF700C2DDDD /* Release */ = {
			isa = XCBuildConfiguration;
			buildSettings = {
				ASSETCATALOG_COMPILER_APPICON_NAME = AppIcon;
				ASSETCATALOG_COMPILER_GLOBAL_ACCENT_COLOR_NAME = AccentColor;
				CODE_SIGN_STYLE = Automatic;
				DEVELOPMENT_TEAM = TTQKV8DY33;
				INFOPLIST_FILE = MovieGallery/Info.plist;
				LD_RUNPATH_SEARCH_PATHS = (
					"$(inherited)",
					"@executable_path/Frameworks",
				);
				PRODUCT_BUNDLE_IDENTIFIER = rudra.testing.MovieGallery;
				PRODUCT_NAME = "$(TARGET_NAME)";
				SWIFT_VERSION = 5.0;
				TARGETED_DEVICE_FAMILY = 1;
			};
			name = Release;
		};
		1706B30425DD8AF700C2DDDD /* Debug */ = {
			isa = XCBuildConfiguration;
			buildSettings = {
				ALWAYS_EMBED_SWIFT_STANDARD_LIBRARIES = YES;
				BUNDLE_LOADER = "$(TEST_HOST)";
				CODE_SIGN_STYLE = Automatic;
				DEVELOPMENT_TEAM = TTQKV8DY33;
				INFOPLIST_FILE = MovieGalleryTests/Info.plist;
				IPHONEOS_DEPLOYMENT_TARGET = 14.4;
				LD_RUNPATH_SEARCH_PATHS = (
					"$(inherited)",
					"@executable_path/Frameworks",
					"@loader_path/Frameworks",
				);
				PRODUCT_BUNDLE_IDENTIFIER = rudra.testing.MovieGalleryTests;
				PRODUCT_NAME = "$(TARGET_NAME)";
				SWIFT_VERSION = 5.0;
				TARGETED_DEVICE_FAMILY = "1,2";
				TEST_HOST = "$(BUILT_PRODUCTS_DIR)/MovieGallery.app/MovieGallery";
			};
			name = Debug;
		};
		1706B30525DD8AF700C2DDDD /* Release */ = {
			isa = XCBuildConfiguration;
			buildSettings = {
				ALWAYS_EMBED_SWIFT_STANDARD_LIBRARIES = YES;
				BUNDLE_LOADER = "$(TEST_HOST)";
				CODE_SIGN_STYLE = Automatic;
				DEVELOPMENT_TEAM = TTQKV8DY33;
				INFOPLIST_FILE = MovieGalleryTests/Info.plist;
				IPHONEOS_DEPLOYMENT_TARGET = 14.4;
				LD_RUNPATH_SEARCH_PATHS = (
					"$(inherited)",
					"@executable_path/Frameworks",
					"@loader_path/Frameworks",
				);
				PRODUCT_BUNDLE_IDENTIFIER = rudra.testing.MovieGalleryTests;
				PRODUCT_NAME = "$(TARGET_NAME)";
				SWIFT_VERSION = 5.0;
				TARGETED_DEVICE_FAMILY = "1,2";
				TEST_HOST = "$(BUILT_PRODUCTS_DIR)/MovieGallery.app/MovieGallery";
			};
			name = Release;
		};
		1706B30725DD8AF700C2DDDD /* Debug */ = {
			isa = XCBuildConfiguration;
			buildSettings = {
				ALWAYS_EMBED_SWIFT_STANDARD_LIBRARIES = YES;
				CODE_SIGN_STYLE = Automatic;
				DEVELOPMENT_TEAM = TTQKV8DY33;
				INFOPLIST_FILE = MovieGalleryUITests/Info.plist;
				LD_RUNPATH_SEARCH_PATHS = (
					"$(inherited)",
					"@executable_path/Frameworks",
					"@loader_path/Frameworks",
				);
				PRODUCT_BUNDLE_IDENTIFIER = rudra.testing.MovieGalleryUITests;
				PRODUCT_NAME = "$(TARGET_NAME)";
				SWIFT_VERSION = 5.0;
				TARGETED_DEVICE_FAMILY = "1,2";
				TEST_TARGET_NAME = MovieGallery;
			};
			name = Debug;
		};
		1706B30825DD8AF700C2DDDD /* Release */ = {
			isa = XCBuildConfiguration;
			buildSettings = {
				ALWAYS_EMBED_SWIFT_STANDARD_LIBRARIES = YES;
				CODE_SIGN_STYLE = Automatic;
				DEVELOPMENT_TEAM = TTQKV8DY33;
				INFOPLIST_FILE = MovieGalleryUITests/Info.plist;
				LD_RUNPATH_SEARCH_PATHS = (
					"$(inherited)",
					"@executable_path/Frameworks",
					"@loader_path/Frameworks",
				);
				PRODUCT_BUNDLE_IDENTIFIER = rudra.testing.MovieGalleryUITests;
				PRODUCT_NAME = "$(TARGET_NAME)";
				SWIFT_VERSION = 5.0;
				TARGETED_DEVICE_FAMILY = "1,2";
				TEST_TARGET_NAME = MovieGallery;
			};
			name = Release;
		};
/* End XCBuildConfiguration section */

/* Begin XCConfigurationList section */
		1706B2D125DD8AF500C2DDDD /* Build configuration list for PBXProject "MovieGallery" */ = {
			isa = XCConfigurationList;
			buildConfigurations = (
				1706B2FE25DD8AF700C2DDDD /* Debug */,
				1706B2FF25DD8AF700C2DDDD /* Release */,
			);
			defaultConfigurationIsVisible = 0;
			defaultConfigurationName = Release;
		};
		1706B30025DD8AF700C2DDDD /* Build configuration list for PBXNativeTarget "MovieGallery" */ = {
			isa = XCConfigurationList;
			buildConfigurations = (
				1706B30125DD8AF700C2DDDD /* Debug */,
				1706B30225DD8AF700C2DDDD /* Release */,
			);
			defaultConfigurationIsVisible = 0;
			defaultConfigurationName = Release;
		};
		1706B30325DD8AF700C2DDDD /* Build configuration list for PBXNativeTarget "MovieGalleryTests" */ = {
			isa = XCConfigurationList;
			buildConfigurations = (
				1706B30425DD8AF700C2DDDD /* Debug */,
				1706B30525DD8AF700C2DDDD /* Release */,
			);
			defaultConfigurationIsVisible = 0;
			defaultConfigurationName = Release;
		};
		1706B30625DD8AF700C2DDDD /* Build configuration list for PBXNativeTarget "MovieGalleryUITests" */ = {
			isa = XCConfigurationList;
			buildConfigurations = (
				1706B30725DD8AF700C2DDDD /* Debug */,
				1706B30825DD8AF700C2DDDD /* Release */,
			);
			defaultConfigurationIsVisible = 0;
			defaultConfigurationName = Release;
		};
/* End XCConfigurationList section */
	};
	rootObject = 1706B2CE25DD8AF500C2DDDD /* Project object */;
}
